<?xml version="1.0" encoding="utf-8"?>
<Project ToolsVersion="4.0" xmlns="http://schemas.microsoft.com/developer/msbuild/2003">
  <ItemGroup>
    <Filter Include="Arquivos de Origem">
      <UniqueIdentifier>{4FC737F1-C7A5-4376-A066-2A32D752A2FF}</UniqueIdentifier>
      <Extensions>cpp;c;cc;cxx;c++;cppm;ixx;def;odl;idl;hpj;bat;asm;asmx</Extensions>
    </Filter>
    <Filter Include="Arquivos de Cabeçalho">
      <UniqueIdentifier>{93995380-89BD-4b04-88EB-625FBE52EBFB}</UniqueIdentifier>
      <Extensions>h;hh;hpp;hxx;h++;hm;inl;inc;ipp;xsd</Extensions>
    </Filter>
    <Filter Include="Arquivos de Recurso">
      <UniqueIdentifier>{67DA6AB6-F800-4c08-8B7A-83BB121AAD01}</UniqueIdentifier>
      <Extensions>rc;ico;cur;bmp;dlg;rc2;rct;bin;rgs;gif;jpg;jpeg;jpe;resx;tiff;tif;png;wav;mfcribbon-ms</Extensions>
    </Filter>
    <Filter Include="Arquivos de Origem\Hooks">
      <UniqueIdentifier>{740879cc-4567-45f2-855b-7afb61a1b294}</UniqueIdentifier>
    </Filter>
    <Filter Include="Arquivos de Origem\Hooks\Hooks_Core">
      <UniqueIdentifier>{0a1ad7ee-ffb0-4f16-b861-e31dfbf7eebb}</UniqueIdentifier>
    </Filter>
    <Filter Include="Arquivos de Origem\Hooks\Hooks_Main">
      <UniqueIdentifier>{eb38fbc9-1b71-424d-b27e-23b5107ab326}</UniqueIdentifier>
    </Filter>
    <Filter Include="Arquivos de Origem\Hooks\Minhook">
      <UniqueIdentifier>{d0854ee4-7552-4087-b2f3-c50a60dd68d7}</UniqueIdentifier>
    </Filter>
    <Filter Include="Arquivos de Origem\Hooks\Minhook\Hde">
      <UniqueIdentifier>{f1eff7f0-89d4-45b0-8451-51c45c6b20ab}</UniqueIdentifier>
    </Filter>
    <Filter Include="Arquivos de Origem\ImGui">
      <UniqueIdentifier>{702ea62b-3d41-4fb3-aa0a-65ecf1e6ad38}</UniqueIdentifier>
    </Filter>
    <Filter Include="Arquivos de Origem\Menu">
      <UniqueIdentifier>{66deb3f7-4fd3-47f6-9074-26df0053d184}</UniqueIdentifier>
    </Filter>
  </ItemGroup>
  <ItemGroup>
    <ClCompile Include="dllmain.cpp">
      <Filter>Arquivos de Origem</Filter>
    </ClCompile>
    <ClCompile Include="Hooks\MinHook\Hde\hde32.c">
      <Filter>Arquivos de Origem\Hooks\Minhook\Hde</Filter>
    </ClCompile>
    <ClCompile Include="Hooks\MinHook\Hde\hde64.c">
      <Filter>Arquivos de Origem\Hooks\Minhook\Hde</Filter>
    </ClCompile>
    <ClCompile Include="Hooks\MinHook\buffer.c">
      <Filter>Arquivos de Origem\Hooks\Minhook</Filter>
    </ClCompile>
    <ClCompile Include="Hooks\MinHook\hook.c">
      <Filter>Arquivos de Origem\Hooks\Minhook</Filter>
    </ClCompile>
    <ClCompile Include="Hooks\MinHook\trampoline.c">
      <Filter>Arquivos de Origem\Hooks\Minhook</Filter>
    </ClCompile>
    <ClCompile Include="ImGui\imgui.cpp">
      <Filter>Arquivos de Origem\ImGui</Filter>
    </ClCompile>
    <ClCompile Include="ImGui\imgui_demo.cpp">
      <Filter>Arquivos de Origem\ImGui</Filter>
    </ClCompile>
    <ClCompile Include="ImGui\imgui_draw.cpp">
      <Filter>Arquivos de Origem\ImGui</Filter>
    </ClCompile>
    <ClCompile Include="ImGui\imgui_tables.cpp">
      <Filter>Arquivos de Origem\ImGui</Filter>
    </ClCompile>
    <ClCompile Include="ImGui\imgui_widgets.cpp">
      <Filter>Arquivos de Origem\ImGui</Filter>
    </ClCompile>
    <ClCompile Include="ImGui\imgui_impl_dx11.cpp">
      <Filter>Arquivos de Origem\ImGui</Filter>
    </ClCompile>
    <ClCompile Include="ImGui\imgui_impl_win32.cpp">
      <Filter>Arquivos de Origem\ImGui</Filter>
    </ClCompile>
    <ClCompile Include="Menu\Menu.cpp">
      <Filter>Arquivos de Origem\Menu</Filter>
    </ClCompile>
  </ItemGroup>
  <ItemGroup>
    <ClInclude Include="Hooks\MinHook\Hde\hde32.h">
      <Filter>Arquivos de Origem\Hooks\Minhook\Hde</Filter>
    </ClInclude>
    <ClInclude Include="Hooks\MinHook\Hde\hde64.h">
      <Filter>Arquivos de Origem\Hooks\Minhook\Hde</Filter>
    </ClInclude>
    <ClInclude Include="Hooks\MinHook\Hde\pstdint.h">
      <Filter>Arquivos de Origem\Hooks\Minhook\Hde</Filter>
    </ClInclude>
    <ClInclude Include="Hooks\MinHook\Hde\table32.h">
      <Filter>Arquivos de Origem\Hooks\Minhook\Hde</Filter>
    </ClInclude>
    <ClInclude Include="Hooks\MinHook\Hde\table64.h">
      <Filter>Arquivos de Origem\Hooks\Minhook\Hde</Filter>
    </ClInclude>
    <ClInclude Include="Hooks\MinHook\buffer.h">
      <Filter>Arquivos de Origem\Hooks\Minhook</Filter>
    </ClInclude>
    <ClInclude Include="Hooks\MinHook\trampoline.h">
      <Filter>Arquivos de Origem\Hooks\Minhook</Filter>
    </ClInclude>
    <ClInclude Include="..\..\..\..\Downloads\minhook-1.3.3\include\MinHook.h">
      <Filter>Arquivos de Origem\Hooks\Minhook</Filter>
    </ClInclude>
    <ClInclude Include="ImGui\imconfig.h">
      <Filter>Arquivos de Origem\ImGui</Filter>
    </ClInclude>
    <ClInclude Include="ImGui\imgui.h">
      <Filter>Arquivos de Origem\ImGui</Filter>
    </ClInclude>
    <ClInclude Include="ImGui\imgui_internal.h">
      <Filter>Arquivos de Origem\ImGui</Filter>
    </ClInclude>
    <ClInclude Include="ImGui\imstb_rectpack.h">
      <Filter>Arquivos de Origem\ImGui</Filter>
    </ClInclude>
    <ClInclude Include="ImGui\imstb_textedit.h">
      <Filter>Arquivos de Origem\ImGui</Filter>
    </ClInclude>
    <ClInclude Include="ImGui\imstb_truetype.h">
      <Filter>Arquivos de Origem\ImGui</Filter>
    </ClInclude>
    <ClInclude Include="ImGui\imgui_impl_dx11.h">
      <Filter>Arquivos de Origem\ImGui</Filter>
    </ClInclude>
    <ClInclude Include="ImGui\imgui_impl_win32.h">
      <Filter>Arquivos de Origem\ImGui</Filter>
    </ClInclude>
    <ClInclude Include="Menu\Menu.h">
      <Filter>Arquivos de Origem\Menu</Filter>
    </ClInclude>
  </ItemGroup>
</Project>